
Microsoft Visual Studio Solution File, Format Version 12.00
# Visual Studio Version 17
VisualStudioVersion = 17.10.35027.167
MinimumVisualStudioVersion = 10.0.40219.1
Project("{FAE04EC0-301F-11D3-BF4B-00C04F79EFBC}") = "Quiz1", "Quiz1\Quiz1.csproj", "{D98A4B78-0A24-43F3-93D0-3850D37EFE75}"
EndProject
Global
	GlobalSection(SolutionConfigurationPlatforms) = preSolution
		Debug|Any CPU = Debug|Any CPU
		Release|Any CPU = Release|Any CPU
	EndGlobalSection
	GlobalSection(ProjectConfigurationPlatforms) = postSolution
		{D98A4B78-0A24-43F3-93D0-3850D37EFE75}.Debug|Any CPU.ActiveCfg = Debug|Any CPU
		{D98A4B78-0A24-43F3-93D0-3850D37EFE75}.Debug|Any CPU.Build.0 = Debug|Any CPU
		{D98A4B78-0A24-43F3-93D0-3850D37EFE75}.Release|Any CPU.ActiveCfg = Release|Any CPU
		{D98A4B78-0A24-43F3-93D0-3850D37EFE75}.Release|Any CPU.Build.0 = Release|Any CPU
	EndGlobalSection
	GlobalSection(SolutionProperties) = preSolution
		HideSolutionNode = FALSE
	EndGlobalSection
	GlobalSection(ExtensibilityGlobals) = postSolution
		SolutionGuid = {ED9BE2A8-1775-44BE-BFCF-5724D0972BED}
	EndGlobalSection
EndGlobal
